
Microsoft Visual Studio Solution File, Format Version 12.00
# Visual Studio Version 16
VisualStudioVersion = 16.0.29009.5
MinimumVisualStudioVersion = 10.0.40219.1
Project("{FAE04EC0-301F-11D3-BF4B-00C04F79EFBC}") = "Tester", "Tester\Tester.csproj", "{B3690862-094E-4407-9C73-FE5674F69353}"
EndProject
Global
	GlobalSection(SolutionConfigurationPlatforms) = preSolution
		Debug|Any CPU = Debug|Any CPU
		Release|Any CPU = Release|Any CPU
	EndGlobalSection
	GlobalSection(ProjectConfigurationPlatforms) = postSolution
		{B3690862-094E-4407-9C73-FE5674F69353}.Debug|Any CPU.ActiveCfg = Debug|Any CPU
		{B3690862-094E-4407-9C73-FE5674F69353}.Debug|Any CPU.Build.0 = Debug|Any CPU
		{B3690862-094E-4407-9C73-FE5674F69353}.Release|Any CPU.ActiveCfg = Release|Any CPU
		{B3690862-094E-4407-9C73-FE5674F69353}.Release|Any CPU.Build.0 = Release|Any CPU
	EndGlobalSection
	GlobalSection(SolutionProperties) = preSolution
		HideSolutionNode = FALSE
	EndGlobalSection
	GlobalSection(ExtensibilityGlobals) = postSolution
		SolutionGuid = {0AAD8A9C-480C-4246-9CB2-8A0EB758F9E0}
	EndGlobalSection
EndGlobal
